// !$*UTF8*$!
{
	archiveVersion = 1;
	classes = {
	};
	objectVersion = 46;
	objects = {

/* Begin PBXBuildFile section */
		75AFA744C52DE0702CD4CCF0 /* Pods_SkinDemo.framework in Frameworks */ = {isa = PBXBuildFile; fileRef = F9FF7CAF4312A7F924160592 /* Pods_SkinDemo.framework */; };
		B21E4ED81F39AA92006F70B2 /* BaseConfiguration.plist in Resources */ = {isa = PBXBuildFile; fileRef = B21E4ED71F39AA92006F70B2 /* BaseConfiguration.plist */; };
		B21E4EDA1F39BE51006F70B2 /* SkinConfiguration.plist in Resources */ = {isa = PBXBuildFile; fileRef = B21E4ED91F39BE51006F70B2 /* SkinConfiguration.plist */; };
		B225C44E1F39A93C00FC7AAC /* AppDelegate.swift in Sources */ = {isa = PBXBuildFile; fileRef = B225C44D1F39A93C00FC7AAC /* AppDelegate.swift */; };
		B225C4501F39A93C00FC7AAC /* ViewController.swift in Sources */ = {isa = PBXBuildFile; fileRef = B225C44F1F39A93C00FC7AAC /* ViewController.swift */; };
		B225C4531F39A93C00FC7AAC /* Main.storyboard in Resources */ = {isa = PBXBuildFile; fileRef = B225C4511F39A93C00FC7AAC /* Main.storyboard */; };
		B225C4551F39A93C00FC7AAC /* Assets.xcassets in Resources */ = {isa = PBXBuildFile; fileRef = B225C4541F39A93C00FC7AAC /* Assets.xcassets */; };
		B225C4581F39A93C00FC7AAC /* LaunchScreen.storyboard in Resources */ = {isa = PBXBuildFile; fileRef = B225C4561F39A93C00FC7AAC /* LaunchScreen.storyboard */; };
/* End PBXBuildFile section */

/* Begin PBXFileReference section */
		39ACF8A95F871D97EC90F940 /* Pods-SkinDemo.release.xcconfig */ = {isa = PBXFileReference; includeInIndex = 1; lastKnownFileType = text.xcconfig; name = "Pods-SkinDemo.release.xcconfig"; path = "Pods/Target Support Files/Pods-SkinDemo/Pods-SkinDemo.release.xcconfig"; sourceTree = "<group>"; };
		48B34062C8A1519827E67217 /* Pods-SkinDemo.debug.xcconfig */ = {isa = PBXFileReference; includeInIndex = 1; lastKnownFileType = text.xcconfig; name = "Pods-SkinDemo.debug.xcconfig"; path = "Pods/Target Support Files/Pods-SkinDemo/Pods-SkinDemo.debug.xcconfig"; sourceTree = "<group>"; };
		B21E4ED71F39AA92006F70B2 /* BaseConfiguration.plist */ = {isa = PBXFileReference; fileEncoding = 4; lastKnownFileType = text.plist.xml; path = BaseConfiguration.plist; sourceTree = "<group>"; };
		B21E4ED91F39BE51006F70B2 /* SkinConfiguration.plist */ = {isa = PBXFileReference; fileEncoding = 4; lastKnownFileType = text.plist.xml; path = SkinConfiguration.plist; sourceTree = "<group>"; };
		B225C44A1F39A93C00FC7AAC /* SkinDemo.app */ = {isa = PBXFileReference; explicitFileType = wrapper.application; includeInIndex = 0; path = SkinDemo.app; sourceTree = BUILT_PRODUCTS_DIR; };
		B225C44D1F39A93C00FC7AAC /* AppDelegate.swift */ = {isa = PBXFileReference; lastKnownFileType = sourcecode.swift; path = AppDelegate.swift; sourceTree = "<group>"; };
		B225C44F1F39A93C00FC7AAC /* ViewController.swift */ = {isa = PBXFileReference; lastKnownFileType = sourcecode.swift; path = ViewController.swift; sourceTree = "<group>"; };
		B225C4521F39A93C00FC7AAC /* Base */ = {isa = PBXFileReference; lastKnownFileType = file.storyboard; name = Base; path = Base.lproj/Main.storyboard; sourceTree = "<group>"; };
		B225C4541F39A93C00FC7AAC /* Assets.xcassets */ = {isa = PBXFileReference; lastKnownFileType = folder.assetcatalog; path = Assets.xcassets; sourceTree = "<group>"; };
		B225C4571F39A93C00FC7AAC /* Base */ = {isa = PBXFileReference; lastKnownFileType = file.storyboard; name = Base; path = Base.lproj/LaunchScreen.storyboard; sourceTree = "<group>"; };
		B225C4591F39A93C00FC7AAC /* Info.plist */ = {isa = PBXFileReference; lastKnownFileType = text.plist.xml; path = Info.plist; sourceTree = "<group>"; };
		F9FF7CAF4312A7F924160592 /* Pods_SkinDemo.framework */ = {isa = PBXFileReference; explicitFileType = wrapper.framework; includeInIndex = 0; path = Pods_SkinDemo.framework; sourceTree = BUILT_PRODUCTS_DIR; };
/* End PBXFileReference section */

/* Begin PBXFrameworksBuildPhase section */
		B225C4471F39A93C00FC7AAC /* Frameworks */ = {
			isa = PBXFrameworksBuildPhase;
			buildActionMask = 2147483647;
			files = (
				75AFA744C52DE0702CD4CCF0 /* Pods_SkinDemo.framework in Frameworks */,
			);
			runOnlyForDeploymentPostprocessing = 0;
		};
/* End PBXFrameworksBuildPhase section */

/* Begin PBXGroup section */
		0AFF031C4C7BDC2B4DFEA178 /* Frameworks */ = {
			isa = PBXGroup;
			children = (
				F9FF7CAF4312A7F924160592 /* Pods_SkinDemo.framework */,
			);
			name = Frameworks;
			sourceTree = "<group>";
		};
		82CE751E1ACDE683B2CEFDE9 /* Pods */ = {
			isa = PBXGroup;
			children = (
				48B34062C8A1519827E67217 /* Pods-SkinDemo.debug.xcconfig */,
				39ACF8A95F871D97EC90F940 /* Pods-SkinDemo.release.xcconfig */,
			);
			name = Pods;
			sourceTree = "<group>";
		};
		B225C4411F39A93C00FC7AAC = {
			isa = PBXGroup;
			children = (
				B225C44C1F39A93C00FC7AAC /* SkinDemo */,
				B225C44B1F39A93C00FC7AAC /* Products */,
				82CE751E1ACDE683B2CEFDE9 /* Pods */,
				0AFF031C4C7BDC2B4DFEA178 /* Frameworks */,
			);
			sourceTree = "<group>";
		};
		B225C44B1F39A93C00FC7AAC /* Products */ = {
			isa = PBXGroup;
			children = (
				B225C44A1F39A93C00FC7AAC /* SkinDemo.app */,
			);
			name = Products;
			sourceTree = "<group>";
		};
		B225C44C1F39A93C00FC7AAC /* SkinDemo */ = {
			isa = PBXGroup;
			children = (
				B225C44D1F39A93C00FC7AAC /* AppDelegate.swift */,
				B225C44F1F39A93C00FC7AAC /* ViewController.swift */,
				B225C4511F39A93C00FC7AAC /* Main.storyboard */,
				B225C4541F39A93C00FC7AAC /* Assets.xcassets */,
				B225C4561F39A93C00FC7AAC /* LaunchScreen.storyboard */,
				B225C4591F39A93C00FC7AAC /* Info.plist */,
				B21E4ED71F39AA92006F70B2 /* BaseConfiguration.plist */,
				B21E4ED91F39BE51006F70B2 /* SkinConfiguration.plist */,
			);
			path = SkinDemo;
			sourceTree = "<group>";
		};
/* End PBXGroup section */

/* Begin PBXNativeTarget section */
		B225C4491F39A93C00FC7AAC /* SkinDemo */ = {
			isa = PBXNativeTarget;
			buildConfigurationList = B225C45C1F39A93C00FC7AAC /* Build configuration list for PBXNativeTarget "SkinDemo" */;
			buildPhases = (
				59FFEF79DE5F59366BF17385 /* [CP] Check Pods Manifest.lock */,
				B225C4461F39A93C00FC7AAC /* Sources */,
				B225C4471F39A93C00FC7AAC /* Frameworks */,
				B225C4481F39A93C00FC7AAC /* Resources */,
				391292FCBACD413BACE64330 /* [CP] Embed Pods Frameworks */,
				CF1851F38CD58DCDF8B3FF44 /* [CP] Copy Pods Resources */,
			);
			buildRules = (
			);
			dependencies = (
			);
			name = SkinDemo;
			productName = SkinDemo;
			productReference = B225C44A1F39A93C00FC7AAC /* SkinDemo.app */;
			productType = "com.apple.product-type.application";
		};
/* End PBXNativeTarget section */

/* Begin PBXProject section */
		B225C4421F39A93C00FC7AAC /* Project object */ = {
			isa = PBXProject;
			attributes = {
				LastSwiftUpdateCheck = 0830;
				LastUpgradeCheck = 0830;
				ORGANIZATIONNAME = Creatubbles;
				TargetAttributes = {
					B225C4491F39A93C00FC7AAC = {
						CreatedOnToolsVersion = 8.3.3;
						DevelopmentTeam = GFEDRTTUSS;
						ProvisioningStyle = Automatic;
					};
				};
			};
			buildConfigurationList = B225C4451F39A93C00FC7AAC /* Build configuration list for PBXProject "SkinDemo" */;
			compatibilityVersion = "Xcode 3.2";
			developmentRegion = English;
			hasScannedForEncodings = 0;
			knownRegions = (
				en,
				Base,
			);
			mainGroup = B225C4411F39A93C00FC7AAC;
			productRefGroup = B225C44B1F39A93C00FC7AAC /* Products */;
			projectDirPath = "";
			projectRoot = "";
			targets = (
				B225C4491F39A93C00FC7AAC /* SkinDemo */,
			);
		};
/* End PBXProject section */

/* Begin PBXResourcesBuildPhase section */
		B225C4481F39A93C00FC7AAC /* Resources */ = {
			isa = PBXResourcesBuildPhase;
			buildActionMask = 2147483647;
			files = (
				B21E4ED81F39AA92006F70B2 /* BaseConfiguration.plist in Resources */,
				B21E4EDA1F39BE51006F70B2 /* SkinConfiguration.plist in Resources */,
				B225C4581F39A93C00FC7AAC /* LaunchScreen.storyboard in Resources */,
				B225C4551F39A93C00FC7AAC /* Assets.xcassets in Resources */,
				B225C4531F39A93C00FC7AAC /* Main.storyboard in Resources */,
			);
			runOnlyForDeploymentPostprocessing = 0;
		};
/* End PBXResourcesBuildPhase section */

/* Begin PBXShellScriptBuildPhase section */
		391292FCBACD413BACE64330 /* [CP] Embed Pods Frameworks */ = {
			isa = PBXShellScriptBuildPhase;
			buildActionMask = 2147483647;
			files = (
			);
			inputPaths = (
				"${SRCROOT}/Pods/Target Support Files/Pods-SkinDemo/Pods-SkinDemo-frameworks.sh",
				"${BUILT_PRODUCTS_DIR}/SwiftTheme/SwiftTheme.framework",
			);
			name = "[CP] Embed Pods Frameworks";
			outputPaths = (
				"${TARGET_BUILD_DIR}/${FRAMEWORKS_FOLDER_PATH}/SwiftTheme.framework",
			);
			runOnlyForDeploymentPostprocessing = 0;
			shellPath = /bin/sh;
			shellScript = "\"${SRCROOT}/Pods/Target Support Files/Pods-SkinDemo/Pods-SkinDemo-frameworks.sh\"\n";
			showEnvVarsInLog = 0;
		};
		59FFEF79DE5F59366BF17385 /* [CP] Check Pods Manifest.lock */ = {
			isa = PBXShellScriptBuildPhase;
			buildActionMask = 2147483647;
			files = (
			);
			inputPaths = (
				"${PODS_PODFILE_DIR_PATH}/Podfile.lock",
				"${PODS_ROOT}/Manifest.lock",
			);
			name = "[CP] Check Pods Manifest.lock";
			outputPaths = (
				"$(DERIVED_FILE_DIR)/Pods-SkinDemo-checkManifestLockResult.txt",
			);
			runOnlyForDeploymentPostprocessing = 0;
			shellPath = /bin/sh;
			shellScript = "diff \"${PODS_PODFILE_DIR_PATH}/Podfile.lock\" \"${PODS_ROOT}/Manifest.lock\" > /dev/null\nif [ $? != 0 ] ; then\n    # print error to STDERR\n    echo \"error: The sandbox is not in sync with the Podfile.lock. Run 'pod install' or update your CocoaPods installation.\" >&2\n    exit 1\nfi\n# This output is used by Xcode 'outputs' to avoid re-running this script phase.\necho \"SUCCESS\" > \"${SCRIPT_OUTPUT_FILE_0}\"\n";
			showEnvVarsInLog = 0;
		};
		CF1851F38CD58DCDF8B3FF44 /* [CP] Copy Pods Resources */ = {
			isa = PBXShellScriptBuildPhase;
			buildActionMask = 2147483647;
			files = (
			);
			inputPaths = (
			);
			name = "[CP] Copy Pods Resources";
			outputPaths = (
			);
			runOnlyForDeploymentPostprocessing = 0;
			shellPath = /bin/sh;
			shellScript = "\"${SRCROOT}/Pods/Target Support Files/Pods-SkinDemo/Pods-SkinDemo-resources.sh\"\n";
			showEnvVarsInLog = 0;
		};
/* End PBXShellScriptBuildPhase section */

/* Begin PBXSourcesBuildPhase section */
		B225C4461F39A93C00FC7AAC /* Sources */ = {
			isa = PBXSourcesBuildPhase;
			buildActionMask = 2147483647;
			files = (
				B225C4501F39A93C00FC7AAC /* ViewController.swift in Sources */,
				B225C44E1F39A93C00FC7AAC /* AppDelegate.swift in Sources */,
			);
			runOnlyForDeploymentPostprocessing = 0;
		};
/* End PBXSourcesBuildPhase section */

/* Begin PBXVariantGroup section */
		B225C4511F39A93C00FC7AAC /* Main.storyboard */ = {
			isa = PBXVariantGroup;
			children = (
				B225C4521F39A93C00FC7AAC /* Base */,
			);
			name = Main.storyboard;
			sourceTree = "<group>";
		};
		B225C4561F39A93C00FC7AAC /* LaunchScreen.storyboard */ = {
			isa = PBXVariantGroup;
			children = (
				B225C4571F39A93C00FC7AAC /* Base */,
			);
			name = LaunchScreen.storyboard;
			sourceTree = "<group>";
		};
/* End PBXVariantGroup section */

/* Begin XCBuildConfiguration section */
		B225C45A1F39A93C00FC7AAC /* Debug */ = {
			isa = XCBuildConfiguration;
			buildSettings = {
				ALWAYS_SEARCH_USER_PATHS = NO;
				CLANG_ANALYZER_NONNULL = YES;
				CLANG_ANALYZER_NUMBER_OBJECT_CONVERSION = YES_AGGRESSIVE;
				CLANG_CXX_LANGUAGE_STANDARD = "gnu++0x";
				CLANG_CXX_LIBRARY = "libc++";
				CLANG_ENABLE_MODULES = YES;
				CLANG_ENABLE_OBJC_ARC = YES;
				CLANG_WARN_BOOL_CONVERSION = YES;
				CLANG_WARN_CONSTANT_CONVERSION = YES;
				CLANG_WARN_DIRECT_OBJC_ISA_USAGE = YES_ERROR;
				CLANG_WARN_DOCUMENTATION_COMMENTS = YES;
				CLANG_WARN_EMPTY_BODY = YES;
				CLANG_WARN_ENUM_CONVERSION = YES;
				CLANG_WARN_INFINITE_RECURSION = YES;
				CLANG_WARN_INT_CONVERSION = YES;
				CLANG_WARN_OBJC_ROOT_CLASS = YES_ERROR;
				CLANG_WARN_SUSPICIOUS_MOVE = YES;
				CLANG_WARN_UNREACHABLE_CODE = YES;
				CLANG_WARN__DUPLICATE_METHOD_MATCH = YES;
				"CODE_SIGN_IDENTITY[sdk=iphoneos*]" = "iPhone Developer";
				COPY_PHASE_STRIP = NO;
				DEBUG_INFORMATION_FORMAT = dwarf;
				ENABLE_STRICT_OBJC_MSGSEND = YES;
				ENABLE_TESTABILITY = YES;
				GCC_C_LANGUAGE_STANDARD = gnu99;
				GCC_DYNAMIC_NO_PIC = NO;
				GCC_NO_COMMON_BLOCKS = YES;
				GCC_OPTIMIZATION_LEVEL = 0;
				GCC_PREPROCESSOR_DEFINITIONS = (
					"DEBUG=1",
					"$(inherited)",
				);
				GCC_WARN_64_TO_32_BIT_CONVERSION = YES;
				GCC_WARN_ABOUT_RETURN_TYPE = YES_ERROR;
				GCC_WARN_UNDECLARED_SELECTOR = YES;
				GCC_WARN_UNINITIALIZED_AUTOS = YES_AGGRESSIVE;
				GCC_WARN_UNUSED_FUNCTION = YES;
				GCC_WARN_UNUSED_VARIABLE = YES;
				IPHONEOS_DEPLOYMENT_TARGET = 10.3;
				MTL_ENABLE_DEBUG_INFO = YES;
				ONLY_ACTIVE_ARCH = YES;
				SDKROOT = iphoneos;
				SWIFT_ACTIVE_COMPILATION_CONDITIONS = DEBUG;
				SWIFT_OPTIMIZATION_LEVEL = "-Onone";
				TARGETED_DEVICE_FAMILY = "1,2";
			};
			name = Debug;
		};
		B225C45B1F39A93C00FC7AAC /* Release */ = {
			isa = XCBuildConfiguration;
			buildSettings = {
				ALWAYS_SEARCH_USER_PATHS = NO;
				CLANG_ANALYZER_NONNULL = YES;
				CLANG_ANALYZER_NUMBER_OBJECT_CONVERSION = YES_AGGRESSIVE;
				CLANG_CXX_LANGUAGE_STANDARD = "gnu++0x";
				CLANG_CXX_LIBRARY = "libc++";
				CLANG_ENABLE_MODULES = YES;
				CLANG_ENABLE_OBJC_ARC = YES;
				CLANG_WARN_BOOL_CONVERSION = YES;
				CLANG_WARN_CONSTANT_CONVERSION = YES;
				CLANG_WARN_DIRECT_OBJC_ISA_USAGE = YES_ERROR;
				CLANG_WARN_DOCUMENTATION_COMMENTS = YES;
				CLANG_WARN_EMPTY_BODY = YES;
				CLANG_WARN_ENUM_CONVERSION = YES;
				CLANG_WARN_INFINITE_RECURSION = YES;
				CLANG_WARN_INT_CONVERSION = YES;
				CLANG_WARN_OBJC_ROOT_CLASS = YES_ERROR;
				CLANG_WARN_SUSPICIOUS_MOVE = YES;
				CLANG_WARN_UNREACHABLE_CODE = YES;
				CLANG_WARN__DUPLICATE_METHOD_MATCH = YES;
				"CODE_SIGN_IDENTITY[sdk=iphoneos*]" = "iPhone Developer";
				COPY_PHASE_STRIP = NO;
				DEBUG_INFORMATION_FORMAT = "dwarf-with-dsym";
				ENABLE_NS_ASSERTIONS = NO;
				ENABLE_STRICT_OBJC_MSGSEND = YES;
				GCC_C_LANGUAGE_STANDARD = gnu99;
				GCC_NO_COMMON_BLOCKS = YES;
				GCC_WARN_64_TO_32_BIT_CONVERSION = YES;
				GCC_WARN_ABOUT_RETURN_TYPE = YES_ERROR;
				GCC_WARN_UNDECLARED_SELECTOR = YES;
				GCC_WARN_UNINITIALIZED_AUTOS = YES_AGGRESSIVE;
				GCC_WARN_UNUSED_FUNCTION = YES;
				GCC_WARN_UNUSED_VARIABLE = YES;
				IPHONEOS_DEPLOYMENT_TARGET = 10.3;
				MTL_ENABLE_DEBUG_INFO = NO;
				SDKROOT = iphoneos;
				SWIFT_OPTIMIZATION_LEVEL = "-Owholemodule";
				TARGETED_DEVICE_FAMILY = "1,2";
				VALIDATE_PRODUCT = YES;
			};
			name = Release;
		};
		B225C45D1F39A93C00FC7AAC /* Debug */ = {
			isa = XCBuildConfiguration;
			baseConfigurationReference = 48B34062C8A1519827E67217 /* Pods-SkinDemo.debug.xcconfig */;
			buildSettings = {
				ASSETCATALOG_COMPILER_APPICON_NAME = AppIcon;
				DEVELOPMENT_TEAM = GFEDRTTUSS;
				INFOPLIST_FILE = SkinDemo/Info.plist;
				LD_RUNPATH_SEARCH_PATHS = "$(inherited) @executable_path/Frameworks";
				PRODUCT_BUNDLE_IDENTIFIER = ctb.SkinDemo;
				PRODUCT_NAME = "$(TARGET_NAME)";
				SWIFT_VERSION = 3.0;
			};
			name = Debug;
		};
		B225C45E1F39A93C00FC7AAC /* Release */ = {
			isa = XCBuildConfiguration;
			baseConfigurationReference = 39ACF8A95F871D97EC90F940 /* Pods-SkinDemo.release.xcconfig */;
			buildSettings = {
				ASSETCATALOG_COMPILER_APPICON_NAME = AppIcon;
				DEVELOPMENT_TEAM = GFEDRTTUSS;
				INFOPLIST_FILE = SkinDemo/Info.plist;
				LD_RUNPATH_SEARCH_PATHS = "$(inherited) @executable_path/Frameworks";
				PRODUCT_BUNDLE_IDENTIFIER = ctb.SkinDemo;
				PRODUCT_NAME = "$(TARGET_NAME)";
				SWIFT_VERSION = 3.0;
			};
			name = Release;
		};
/* End XCBuildConfiguration section */

/* Begin XCConfigurationList section */
		B225C4451F39A93C00FC7AAC /* Build configuration list for PBXProject "SkinDemo" */ = {
			isa = XCConfigurationList;
			buildConfigurations = (
				B225C45A1F39A93C00FC7AAC /* Debug */,
				B225C45B1F39A93C00FC7AAC /* Release */,
			);
			defaultConfigurationIsVisible = 0;
			defaultConfigurationName = Release;
		};
		B225C45C1F39A93C00FC7AAC /* Build configuration list for PBXNativeTarget "SkinDemo" */ = {
			isa = XCConfigurationList;
			buildConfigurations = (
				B225C45D1F39A93C00FC7AAC /* Debug */,
				B225C45E1F39A93C00FC7AAC /* Release */,
			);
			defaultConfigurationIsVisible = 0;
			defaultConfigurationName = Release;
		};
/* End XCConfigurationList section */
	};
	rootObject = B225C4421F39A93C00FC7AAC /* Project object */;
}
